# THIS IS AN AUTOGENERATED FILE. DO NOT EDIT THIS FILE DIRECTLY.
# yarn lockfile v1


"@babel/runtime@^7.16.3":
  version "7.16.5"
  resolved "https://registry.yarnpkg.com/@babel/runtime/-/runtime-7.16.5.tgz#7f3e34bf8bdbbadf03fbb7b1ea0d929569c9487a"
  integrity sha512-TXWihFIS3Pyv5hzR7j6ihmeLkZfrXGxAr5UfSl8CHf+6q/wpiYDkUau0czckpYG8QmnCIuPpdLtuA9VmuGGyMA==
  dependencies:
    regenerator-runtime "^0.13.4"

"@cspotcode/source-map-consumer@0.8.0":
  version "0.8.0"
  resolved "https://registry.yarnpkg.com/@cspotcode/source-map-consumer/-/source-map-consumer-0.8.0.tgz#33bf4b7b39c178821606f669bbc447a6a629786b"
  integrity sha512-41qniHzTU8yAGbCp04ohlmSrZf8bkf/iJsl3V0dRGsQN/5GFfx+LbCSsCpp2gqrqjTVg/K6O8ycoV35JIwAzAg==

"@cspotcode/source-map-support@0.7.0":
  version "0.7.0"
  resolved "https://registry.yarnpkg.com/@cspotcode/source-map-support/-/source-map-support-0.7.0.tgz#4789840aa859e46d2f3173727ab707c66bf344f5"
  integrity sha512-X4xqRHqN8ACt2aHVe51OxeA2HjbcL4MqFqXkrmQszJ1NOUuUu5u6Vqx/0lZSVNku7velL5FC/s5uEAj1lsBMhA==
  dependencies:
    "@cspotcode/source-map-consumer" "0.8.0"

"@datastructures-js/heap@^3.2.0":
  version "3.2.0"
  resolved "https://registry.yarnpkg.com/@datastructures-js/heap/-/heap-3.2.0.tgz#d8fcdbf58c462c8a3f0fdfd9c6a57ca11505321e"
  integrity sha512-FcU5ZAyb+VIOZz1HABsJUsbJi2ZyUDO7aoe97hq4d3tK3z8nMgwdxf5bO0gafR0ExFi18YTspntqHLzt4XOgnA==

"@datastructures-js/priority-queue@^5.3.0":
  version "5.3.0"
  resolved "https://registry.yarnpkg.com/@datastructures-js/priority-queue/-/priority-queue-5.3.0.tgz#89afce79a19a3226c12cc6e9288f94ff60af26cf"
  integrity sha512-0Dl0UooE9Uzz85qBP46HTjQHS5GN7NMNluN5/nMfxQAndG/1eNBJpBntLGT5QJarvMO3poLNBJzA3S4GPajp+w==
  dependencies:
    "@datastructures-js/heap" "^3.2.0"

"@noble/hashes@0.4.1":
  version "0.4.1"
  resolved "https://registry.yarnpkg.com/@noble/hashes/-/hashes-0.4.1.tgz#ef8ef347cfb3a03692f16ed31fda717f8e78d392"
  integrity sha512-Qxy9mZoDf5SyFrQ8hpWHeMZ2Scmb9BAz/lt23sKdr/QHnACW9dD6S+/WVJHd3R/BPoNHcUYWXoXXe74cxSEYoA==

"@noble/secp256k1@^1.3.0":
  version "1.3.4"
  resolved "https://registry.yarnpkg.com/@noble/secp256k1/-/secp256k1-1.3.4.tgz#158ded712d09237c0d3428be60dc01ce8ebab9fb"
  integrity sha512-ZVRouDO5mbdCiDg4zCd3ZZABduRtpy4tCnB33Gh9upHe9tRzpiqbRSN1VTjrj/2g8u2c6MBi0YLNnNQpBYOiWg==

"@polkadot/api-derive@6.12.1":
  version "6.12.1"
  resolved "https://registry.yarnpkg.com/@polkadot/api-derive/-/api-derive-6.12.1.tgz#f5356104d4cb1bed8f0dcac32afc4b0a5c05c232"
  integrity sha512-5LOVlG5EBCT+ytY6aHmQ4RdEWZovZQqRoc6DLd5BLhkR7BFTHKSkLQW+89so8jd0zEtmSXBVPPnsrXS8joM35Q==
  dependencies:
    "@babel/runtime" "^7.16.3"
    "@polkadot/api" "6.12.1"
    "@polkadot/rpc-core" "6.12.1"
    "@polkadot/types" "6.12.1"
    "@polkadot/util" "^8.1.2"
    "@polkadot/util-crypto" "^8.1.2"
    rxjs "^7.4.0"

"@polkadot/api@6.12.1", "@polkadot/api@^6.9.2":
  version "6.12.1"
  resolved "https://registry.yarnpkg.com/@polkadot/api/-/api-6.12.1.tgz#685a2727eb532fdacd9b86f9ddf595d58be71ee4"
  integrity sha512-RVdTiA2WaEvproM3i6E9TKS1bfXpPd9Ly9lUG/kVLaspjKoIot9DJUDTl97TJ+7xr8LXGbXqm448Ud0hsEBV8Q==
  dependencies:
    "@babel/runtime" "^7.16.3"
    "@polkadot/api-derive" "6.12.1"
    "@polkadot/keyring" "^8.1.2"
    "@polkadot/rpc-core" "6.12.1"
    "@polkadot/rpc-provider" "6.12.1"
    "@polkadot/types" "6.12.1"
    "@polkadot/types-known" "6.12.1"
    "@polkadot/util" "^8.1.2"
    "@polkadot/util-crypto" "^8.1.2"
    eventemitter3 "^4.0.7"
    rxjs "^7.4.0"

"@polkadot/keyring@^8.1.2":
  version "8.1.2"
  resolved "https://registry.yarnpkg.com/@polkadot/keyring/-/keyring-8.1.2.tgz#c0b8e838b2e547e41a6a34051a17bed9472ae90c"
  integrity sha512-WsVx9TCJ9H6dmADTyMibwrlSPZrmPlsvFoqrbMTMD04Q7CYZXP46ht3YrF6t81YPQWDoszeDomNuSF2iPXSCTQ==
  dependencies:
    "@babel/runtime" "^7.16.3"
    "@polkadot/util" "8.1.2"
    "@polkadot/util-crypto" "8.1.2"

"@polkadot/networks@8.1.2", "@polkadot/networks@^8.1.2":
  version "8.1.2"
  resolved "https://registry.yarnpkg.com/@polkadot/networks/-/networks-8.1.2.tgz#5c1b7d620413202f758ecc944c6893691ee68dc4"
  integrity sha512-OPjEjEdlErZW0dv1WNIEAaOja8g2ynscwM4pQbVWzbpACuM1xziPgfDF74M0R8fMOxr5EJOVbKsvOSBytw+TDg==
  dependencies:
    "@babel/runtime" "^7.16.3"

"@polkadot/rpc-core@6.12.1":
  version "6.12.1"
  resolved "https://registry.yarnpkg.com/@polkadot/rpc-core/-/rpc-core-6.12.1.tgz#b5d65589349a0db6edb25fdfd141707a3a5698fa"
  integrity sha512-Hb08D9zho3SB1UNlUCmG5q0gdgbOx25JKGLDfSYpD/wtD0Y1Sf2X5cfgtMoSYE3USWiRdCu4BxQkXTiRjPjzJg==
  dependencies:
    "@babel/runtime" "^7.16.3"
    "@polkadot/rpc-provider" "6.12.1"
    "@polkadot/types" "6.12.1"
    "@polkadot/util" "^8.1.2"
    rxjs "^7.4.0"

"@polkadot/rpc-provider@6.12.1":
  version "6.12.1"
  resolved "https://registry.yarnpkg.com/@polkadot/rpc-provider/-/rpc-provider-6.12.1.tgz#1b5b7ceffefa8735010b61ace04f3eece6145622"
  integrity sha512-uUHD3fLTOeZYWJoc6DQlhz+MJR33rVelasV+OxFY2nSD9MSNXRwQh+9UKDQBnyxw5B4BZ2QaEGfucDeavXmVDw==
  dependencies:
    "@babel/runtime" "^7.16.3"
    "@polkadot/types" "6.12.1"
    "@polkadot/util" "^8.1.2"
    "@polkadot/util-crypto" "^8.1.2"
    "@polkadot/x-fetch" "^8.1.2"
    "@polkadot/x-global" "^8.1.2"
    "@polkadot/x-ws" "^8.1.2"
    eventemitter3 "^4.0.7"

"@polkadot/types-known@6.12.1":
  version "6.12.1"
  resolved "https://registry.yarnpkg.com/@polkadot/types-known/-/types-known-6.12.1.tgz#2dd3ca4e4aa20b86ef182eb75672690f8c14a84e"
  integrity sha512-Z8bHpPQy+mqUm0uR1tai6ra0bQIoPmgRcGFYUM+rJtW1kx/6kZLh10HAICjLpPeA1cwLRzaxHRDqH5MCU6OgXw==
  dependencies:
    "@babel/runtime" "^7.16.3"
    "@polkadot/networks" "^8.1.2"
    "@polkadot/types" "6.12.1"
    "@polkadot/util" "^8.1.2"

"@polkadot/types@6.12.1":
  version "6.12.1"
  resolved "https://registry.yarnpkg.com/@polkadot/types/-/types-6.12.1.tgz#e5d6dff997740c3da947fa67abe2e1ec144c4757"
  integrity sha512-O37cAGUL0xiXTuO3ySweVh0OuFUD6asrd0TfuzGsEp3jAISWdElEHV5QDiftWq8J9Vf8BMgTcP2QLFbmSusxqA==
  dependencies:
    "@babel/runtime" "^7.16.3"
    "@polkadot/types-known" "6.12.1"
    "@polkadot/util" "^8.1.2"
    "@polkadot/util-crypto" "^8.1.2"
    rxjs "^7.4.0"

"@polkadot/util-crypto@8.1.2", "@polkadot/util-crypto@^8.1.2":
  version "8.1.2"
  resolved "https://registry.yarnpkg.com/@polkadot/util-crypto/-/util-crypto-8.1.2.tgz#35ca296bf7b7cc76b8ed085a40585b196d6b9de5"
  integrity sha512-sqyz4zLyBleBmoaNkGaAQsNXVktqmHJ3XiuYgt9KJ7hIZjP7wjJMLZWzyOKVaL1w5/hUNTRzVuTGiA8GD62ByA==
  dependencies:
    "@babel/runtime" "^7.16.3"
    "@noble/hashes" "0.4.1"
    "@noble/secp256k1" "^1.3.0"
    "@polkadot/networks" "8.1.2"
    "@polkadot/util" "8.1.2"
    "@polkadot/wasm-crypto" "^4.5.1"
    "@polkadot/x-bigint" "8.1.2"
    "@polkadot/x-noble-hashes" "8.1.2"
    "@polkadot/x-noble-secp256k1" "8.1.2"
    "@polkadot/x-randomvalues" "8.1.2"
    ed2curve "^0.3.0"
    micro-base "^0.9.0"
    tweetnacl "^1.0.3"

"@polkadot/util@8.1.2", "@polkadot/util@^8.1.2":
  version "8.1.2"
  resolved "https://registry.yarnpkg.com/@polkadot/util/-/util-8.1.2.tgz#f3178a077758eca21e57f031ae0421b7634b1107"
  integrity sha512-s1Q6J7I2sxDdk8S9SA1wVSMRUN+6YGpAUehl1zE/VKtHUzxtZfX/M7dmZgNpARi8kmk7/0J61ZuIaFb0Cq81jw==
  dependencies:
    "@babel/runtime" "^7.16.3"
    "@polkadot/x-bigint" "8.1.2"
    "@polkadot/x-global" "8.1.2"
    "@polkadot/x-textdecoder" "8.1.2"
    "@polkadot/x-textencoder" "8.1.2"
    "@types/bn.js" "^4.11.6"
    bn.js "^4.12.0"
    ip-regex "^4.3.0"

"@polkadot/wasm-crypto-asmjs@^4.5.1":
  version "4.5.1"
  resolved "https://registry.yarnpkg.com/@polkadot/wasm-crypto-asmjs/-/wasm-crypto-asmjs-4.5.1.tgz#e1025a49e106db11d1187caf65f56c960ea2ad2b"
  integrity sha512-DOdRiWhxVvmqTvp+E9z1j+Yr0zDOGsDvqnT/eNw0Dl1FVUOImsEa7FKns/urASmcxCVEE1jtUWSnij29jrORMQ==
  dependencies:
    "@babel/runtime" "^7.16.3"

"@polkadot/wasm-crypto-wasm@^4.5.1":
  version "4.5.1"
  resolved "https://registry.yarnpkg.com/@polkadot/wasm-crypto-wasm/-/wasm-crypto-wasm-4.5.1.tgz#063a58ff7ddd939b7886a6a238109a8d2c416e46"
  integrity sha512-hPwke85HxpgG/RAlwdCE8u5w7bThvWg399mlB+XjogXMxOUWBZSgq2XYbgzROUXx27inK9nStF4Pnc4zJnqs9A==
  dependencies:
    "@babel/runtime" "^7.16.3"

"@polkadot/wasm-crypto@^4.5.1":
  version "4.5.1"
  resolved "https://registry.yarnpkg.com/@polkadot/wasm-crypto/-/wasm-crypto-4.5.1.tgz#e1ac6d846a0ad8e991cec128994524183ef6e8fd"
  integrity sha512-Cr21ais3Kq3aedIHZ3J1tjgeD/+K8FCiwEawr0oRywNBSJR8wyuZMePs4swR/6xm8wbBkpqoBVHz/UQHqqQJmA==
  dependencies:
    "@babel/runtime" "^7.16.3"
    "@polkadot/wasm-crypto-asmjs" "^4.5.1"
    "@polkadot/wasm-crypto-wasm" "^4.5.1"

"@polkadot/x-bigint@8.1.2":
  version "8.1.2"
  resolved "https://registry.yarnpkg.com/@polkadot/x-bigint/-/x-bigint-8.1.2.tgz#0451009736e069b45ef01a9259d56d4ddb11ad21"
  integrity sha512-MI9D/gXQQLqrdp66InZtkGDa+FYsrc+Dq0DzsRkGRE0hjX75C7OretNLm7zMG7IQYjiuBQkH8tnTE7I8k/KwDw==
  dependencies:
    "@babel/runtime" "^7.16.3"
    "@polkadot/x-global" "8.1.2"

"@polkadot/x-fetch@^8.1.2":
  version "8.1.2"
  resolved "https://registry.yarnpkg.com/@polkadot/x-fetch/-/x-fetch-8.1.2.tgz#57fe7b91ca7183af52d83529a2941da63889f95e"
  integrity sha512-W92VrsApH1I/ams1gJMNJwaTp+WUzF/WPMZ84VSOw/pR+2P002zoMhAqmr8H4kpue2j/uowDpDUyjzp8taGrxg==
  dependencies:
    "@babel/runtime" "^7.16.3"
    "@polkadot/x-global" "8.1.2"
    "@types/node-fetch" "^2.5.12"
    node-fetch "^2.6.6"

"@polkadot/x-global@8.1.2", "@polkadot/x-global@^8.1.2":
  version "8.1.2"
  resolved "https://registry.yarnpkg.com/@polkadot/x-global/-/x-global-8.1.2.tgz#e5de3d7bff2f5b689eb0858057007b334ddc2668"
  integrity sha512-prHFu2okMOrOvF4JtCjuHZ742yqim2ip6SuZqSEHrkbQPewXYquC51nXkscJygheTpQgrNt3dBuk5Y8jFWjUHg==
  dependencies:
    "@babel/runtime" "^7.16.3"

"@polkadot/x-noble-hashes@8.1.2":
  version "8.1.2"
  resolved "https://registry.yarnpkg.com/@polkadot/x-noble-hashes/-/x-noble-hashes-8.1.2.tgz#d3f69c24dc6c6daa796421a99946be787b6dd38f"
  integrity sha512-Vj0d2ueyFgPnc4SrPP8oEQlp++DDHXMhNlSi7vupWBoehXoKnDpIb7UjZcL78lg+dF8U3/2iSb6DgfHS0lAK5w==
  dependencies:
    "@babel/runtime" "^7.16.3"

"@polkadot/x-noble-secp256k1@8.1.2":
  version "8.1.2"
  resolved "https://registry.yarnpkg.com/@polkadot/x-noble-secp256k1/-/x-noble-secp256k1-8.1.2.tgz#1e29fbb01f2f01df62fccdfb4156f0d046a37799"
  integrity sha512-6fSXJDmEHxWmNQ55tnZTx6xbH1sFgCjJLxyIwLcqJuH9rgaNALloWbGvcG8C3NVbqh3REQRSC20vfabqVjrCpQ==
  dependencies:
    "@babel/runtime" "^7.16.3"

"@polkadot/x-randomvalues@8.1.2":
  version "8.1.2"
  resolved "https://registry.yarnpkg.com/@polkadot/x-randomvalues/-/x-randomvalues-8.1.2.tgz#3e4573310c1ba4a7081d6fca2e9b2d5f976d7b94"
  integrity sha512-hYTGMLXIpAKRiEPcguv0e+ZXIfqUxl8TJQ8qItB/PxE58s1Xa9F+0lAuSCCAzfuJFBn6Qzr3nBkuGx+T/cTz9w==
  dependencies:
    "@babel/runtime" "^7.16.3"
    "@polkadot/x-global" "8.1.2"

"@polkadot/x-textdecoder@8.1.2":
  version "8.1.2"
  resolved "https://registry.yarnpkg.com/@polkadot/x-textdecoder/-/x-textdecoder-8.1.2.tgz#90b337fbd12c6d260e7b996d54cc08e2624fed88"
  integrity sha512-NuQepvIqEIeWPMdGry/ReJAEtXwWRt0qrX0xwYIoY7V1rR8vDVX66Q5YtG/i7/JLBydgabXA1GCj5k4sRpwakA==
  dependencies:
    "@babel/runtime" "^7.16.3"
    "@polkadot/x-global" "8.1.2"

"@polkadot/x-textencoder@8.1.2":
  version "8.1.2"
  resolved "https://registry.yarnpkg.com/@polkadot/x-textencoder/-/x-textencoder-8.1.2.tgz#dff8eab13b01508ba5797d6691c96e6a08b84a44"
  integrity sha512-8m+RvtxPEd4/vfHWuhTQyE/RbjN3NTbbrTQ0SMAPRM04NGauKXJOVA5A7WBJYJsj6bDlSaWSavOMJSzO5NKE8w==
  dependencies:
    "@babel/runtime" "^7.16.3"
    "@polkadot/x-global" "8.1.2"

"@polkadot/x-ws@^8.1.2":
  version "8.1.2"
  resolved "https://registry.yarnpkg.com/@polkadot/x-ws/-/x-ws-8.1.2.tgz#8d8c62c15a0b09706f7b078c4443f48bcfc489d5"
  integrity sha512-9ELWRNbQL5WARAv9/m0mpdPc9ucN/xwgpPrQ4WSK+HMHswwrpmmq8mPlfIhGtw0ys5DQPgXXIYLGP50m0MNshA==
  dependencies:
    "@babel/runtime" "^7.16.3"
    "@polkadot/x-global" "8.1.2"
    "@types/websocket" "^1.0.4"
    websocket "^1.0.34"

"@prisma/client@^3.6.0":
  version "3.6.0"
  resolved "https://registry.yarnpkg.com/@prisma/client/-/client-3.6.0.tgz#68a60cd4c73a369b11f72e173e86fd6789939293"
  integrity sha512-ycSGY9EZGROtje0iCNsgC5Zqi/ttX2sO7BNMYaLsUMiTlf3F69ZPH+08pRo0hrDfkZzyimXYqeXJlaoYDH1w7A==
  dependencies:
    "@prisma/engines-version" "3.6.0-24.dc520b92b1ebb2d28dc3161f9f82e875bd35d727"

"@prisma/engines-version@3.6.0-24.dc520b92b1ebb2d28dc3161f9f82e875bd35d727":
  version "3.6.0-24.dc520b92b1ebb2d28dc3161f9f82e875bd35d727"
  resolved "https://registry.yarnpkg.com/@prisma/engines-version/-/engines-version-3.6.0-24.dc520b92b1ebb2d28dc3161f9f82e875bd35d727.tgz#25aa447776849a774885866b998732b37ec4f4f5"
  integrity sha512-vtoO2ys6mSfc8ONTWdcYztKN3GBU1tcKBj0aXObyjzSuGwHFcM/pEA0xF+n1W4/0TAJgfoPX2khNEit6g0jtNA==

"@prisma/engines@3.6.0-24.dc520b92b1ebb2d28dc3161f9f82e875bd35d727":
  version "3.6.0-24.dc520b92b1ebb2d28dc3161f9f82e875bd35d727"
  resolved "https://registry.yarnpkg.com/@prisma/engines/-/engines-3.6.0-24.dc520b92b1ebb2d28dc3161f9f82e875bd35d727.tgz#c68ede6aeffa9ef7743a32cfa6daf9172a4e15b3"
  integrity sha512-dRClHS7DsTVchDKzeG72OaEyeDskCv91pnZ72Fftn0mp4BkUvX2LvWup65hCNzwwQm5IDd6A88APldKDnMiEMA==

"@tsconfig/node10@^1.0.7":
  version "1.0.8"
  resolved "https://registry.yarnpkg.com/@tsconfig/node10/-/node10-1.0.8.tgz#c1e4e80d6f964fbecb3359c43bd48b40f7cadad9"
  integrity sha512-6XFfSQmMgq0CFLY1MslA/CPUfhIL919M1rMsa5lP2P097N2Wd1sSX0tx1u4olM16fLNhtHZpRhedZJphNJqmZg==

"@tsconfig/node12@^1.0.7":
  version "1.0.9"
  resolved "https://registry.yarnpkg.com/@tsconfig/node12/-/node12-1.0.9.tgz#62c1f6dee2ebd9aead80dc3afa56810e58e1a04c"
  integrity sha512-/yBMcem+fbvhSREH+s14YJi18sp7J9jpuhYByADT2rypfajMZZN4WQ6zBGgBKp53NKmqI36wFYDb3yaMPurITw==

"@tsconfig/node14@^1.0.0":
  version "1.0.1"
  resolved "https://registry.yarnpkg.com/@tsconfig/node14/-/node14-1.0.1.tgz#95f2d167ffb9b8d2068b0b235302fafd4df711f2"
  integrity sha512-509r2+yARFfHHE7T6Puu2jjkoycftovhXRqW328PDXTVGKihlb1P8Z9mMZH04ebyajfRY7dedfGynlrFHJUQCg==

"@tsconfig/node16@^1.0.2":
  version "1.0.2"
  resolved "https://registry.yarnpkg.com/@tsconfig/node16/-/node16-1.0.2.tgz#423c77877d0569db20e1fc80885ac4118314010e"
  integrity sha512-eZxlbI8GZscaGS7kkc/trHTT5xgrjH3/1n2JDwusC9iahPKWMRvRjJSAN5mCXviuTGQ/lHnhvv8Q1YTpnfz9gA==

"@types/bn.js@^4.11.6":
  version "4.11.6"
  resolved "https://registry.yarnpkg.com/@types/bn.js/-/bn.js-4.11.6.tgz#c306c70d9358aaea33cd4eda092a742b9505967c"
  integrity sha512-pqr857jrp2kPuO9uRjZ3PwnJTjoQy+fcdxvBTvHm6dkmEL9q+hDD/2j/0ELOBPtPnS8LjCX0gI9nbl8lVkadpg==
  dependencies:
    "@types/node" "*"

"@types/node-fetch@^2.5.12":
  version "2.5.12"
  resolved "https://registry.yarnpkg.com/@types/node-fetch/-/node-fetch-2.5.12.tgz#8a6f779b1d4e60b7a57fb6fd48d84fb545b9cc66"
  integrity sha512-MKgC4dlq4kKNa/mYrwpKfzQMB5X3ee5U6fSprkKpToBqBmX4nFZL9cW5jl6sWn+xpRJ7ypWh2yyqqr8UUCstSw==
  dependencies:
    "@types/node" "*"
    form-data "^3.0.0"

"@types/node@*":
  version "16.11.13"
  resolved "https://registry.yarnpkg.com/@types/node/-/node-16.11.13.tgz#6b71641b81a98c6a538d89892440c06f147edddc"
  integrity sha512-eUXZzHLHoZqj1frtUetNkUetYoJ6X55UmrVnFD4DMhVeAmwLjniZhtBmsRiemQh4uq4G3vUra/Ws/hs9vEvL3Q==

"@types/node@16.11.10":
  version "16.11.10"
  resolved "https://registry.yarnpkg.com/@types/node/-/node-16.11.10.tgz#2e3ad0a680d96367103d3e670d41c2fed3da61ae"
  integrity sha512-3aRnHa1KlOEEhJ6+CvyHKK5vE9BcLGjtUpwvqYLRvYNQKMfabu3BwfJaA/SLW8dxe28LsNDjtHwePTuzn3gmOA==

"@types/websocket@^1.0.4":
  version "1.0.4"
  resolved "https://registry.yarnpkg.com/@types/websocket/-/websocket-1.0.4.tgz#1dc497280d8049a5450854dd698ee7e6ea9e60b8"
  integrity sha512-qn1LkcFEKK8RPp459jkjzsfpbsx36BBt3oC3pITYtkoBw/aVX+EZFa5j3ThCRTNpLFvIMr5dSTD4RaMdilIOpA==
  dependencies:
    "@types/node" "*"

acorn-walk@^8.1.1:
  version "8.2.0"
  resolved "https://registry.yarnpkg.com/acorn-walk/-/acorn-walk-8.2.0.tgz#741210f2e2426454508853a2f44d0ab83b7f69c1"
  integrity sha512-k+iyHEuPgSw6SbuDpGQM+06HQUa04DZ3o+F6CSzXMvvI5KMvnaEqXe+YVe555R9nn6GPt404fos4wcgpw12SDA==

acorn@^8.4.1:
  version "8.6.0"
  resolved "https://registry.yarnpkg.com/acorn/-/acorn-8.6.0.tgz#e3692ba0eb1a0c83eaa4f37f5fa7368dd7142895"
  integrity sha512-U1riIR+lBSNi3IbxtaHOIKdH8sLFv3NYfNv8sg7ZsNhcfl4HF2++BfqqrNAxoCLQW1iiylOj76ecnaUxz+z9yw==

aggregate-error@^3.0.0:
  version "3.1.0"
  resolved "https://registry.yarnpkg.com/aggregate-error/-/aggregate-error-3.1.0.tgz#92670ff50f5359bdb7a3e0d40d0ec30c5737687a"
  integrity sha512-4I7Td01quW/RpocfNayFdFVk1qSuoh0E7JrbRJ16nH01HhKFQ88INq9Sd+nd72zqRySlr9BmDA8xlEJ6vJMrYA==
  dependencies:
    clean-stack "^2.0.0"
    indent-string "^4.0.0"

arg@^4.1.0:
  version "4.1.3"
  resolved "https://registry.yarnpkg.com/arg/-/arg-4.1.3.tgz#269fc7ad5b8e42cb63c896d5666017261c144089"
  integrity sha512-58S9QDqG0Xx27YwPSt9fJxivjYl432YCwfDMfZ+71RAqUrZef7LrKQZ3LHLOwCS4FLNBplP533Zx895SeOCHvA==

asynckit@^0.4.0:
  version "0.4.0"
  resolved "https://registry.yarnpkg.com/asynckit/-/asynckit-0.4.0.tgz#c79ed97f7f34cb8f2ba1bc9790bcc366474b4b79"
  integrity sha1-x57Zf380y48robyXkLzDZkdLS3k=

bn.js@^4.12.0:
  version "4.12.0"
  resolved "https://registry.yarnpkg.com/bn.js/-/bn.js-4.12.0.tgz#775b3f278efbb9718eec7361f483fb36fbbfea88"
  integrity sha512-c98Bf3tPniI+scsdk237ku1Dc3ujXQTSgyiPUDEOe7tRkhrqridvh8klBv0HCEso1OLOYcHuCv/cS6DNxKH+ZA==

bufferutil@^4.0.1:
  version "4.0.5"
  resolved "https://registry.yarnpkg.com/bufferutil/-/bufferutil-4.0.5.tgz#da9ea8166911cc276bf677b8aed2d02d31f59028"
  integrity sha512-HTm14iMQKK2FjFLRTM5lAVcyaUzOnqbPtesFIvREgXpJHdQm8bWS+GkQgIkfaBYRHuCnea7w8UVNfwiAQhlr9A==
  dependencies:
    node-gyp-build "^4.3.0"

clean-stack@^2.0.0:
  version "2.2.0"
  resolved "https://registry.yarnpkg.com/clean-stack/-/clean-stack-2.2.0.tgz#ee8472dbb129e727b31e8a10a427dee9dfe4008b"
  integrity sha512-4diC9HaTE+KRAMWhDhrGOECgWZxoevMc5TlkObMqNSsVU62PYzXZ/SMTjzyGAFF1YusgxGcSWTEXBhp0CPwQ1A==

combined-stream@^1.0.8:
  version "1.0.8"
  resolved "https://registry.yarnpkg.com/combined-stream/-/combined-stream-1.0.8.tgz#c3d45a8b34fd730631a110a8a2520682b31d5a7f"
  integrity sha512-FQN4MRfuJeHf7cBbBMJFXhKSDq+2kAArBlmRBvcvFE5BB1HZKXtSFASDhdlz9zOYwxh8lDdnvmMOe/+5cdoEdg==
  dependencies:
    delayed-stream "~1.0.0"

create-require@^1.1.0:
  version "1.1.1"
  resolved "https://registry.yarnpkg.com/create-require/-/create-require-1.1.1.tgz#c1d7e8f1e5f6cfc9ff65f9cd352d37348756c333"
  integrity sha512-dcKFX3jn0MpIaXjisoRvexIJVEKzaq7z2rZKxf+MSr9TkdmHmsU4m2lcLojrj/FHl8mk5VxMmYA+ftRkP/3oKQ==

d@1, d@^1.0.1:
  version "1.0.1"
  resolved "https://registry.yarnpkg.com/d/-/d-1.0.1.tgz#8698095372d58dbee346ffd0c7093f99f8f9eb5a"
  integrity sha512-m62ShEObQ39CfralilEQRjH6oAMtNCV1xJyEx5LpRYUVN+EviphDgUc/F3hnYbADmkiNs67Y+3ylmlG7Lnu+FA==
  dependencies:
    es5-ext "^0.10.50"
    type "^1.0.1"

debug@^2.2.0:
  version "2.6.9"
  resolved "https://registry.yarnpkg.com/debug/-/debug-2.6.9.tgz#5d128515df134ff327e90a4c93f4e077a536341f"
  integrity sha512-bC7ElrdJaJnPbAP+1EotYvqZsb3ecl5wi6Bfi6BJTUcNowp6cvspg0jXznRTKDjm/E7AdgFBVeAPVMNcKGsHMA==
  dependencies:
    ms "2.0.0"

delayed-stream@~1.0.0:
  version "1.0.0"
  resolved "https://registry.yarnpkg.com/delayed-stream/-/delayed-stream-1.0.0.tgz#df3ae199acadfb7d440aaae0b29e2272b24ec619"
  integrity sha1-3zrhmayt+31ECqrgsp4icrJOxhk=

diff@^4.0.1:
  version "4.0.2"
  resolved "https://registry.yarnpkg.com/diff/-/diff-4.0.2.tgz#60f3aecb89d5fae520c11aa19efc2bb982aade7d"
  integrity sha512-58lmxKSA4BNyLz+HHMUzlOEpg09FV+ev6ZMe3vJihgdxzgcwZ8VoEEPmALCZG9LmqfVoNMMKpttIYTVG6uDY7A==

ed2curve@^0.3.0:
  version "0.3.0"
  resolved "https://registry.yarnpkg.com/ed2curve/-/ed2curve-0.3.0.tgz#322b575152a45305429d546b071823a93129a05d"
  integrity sha512-8w2fmmq3hv9rCrcI7g9hms2pMunQr1JINfcjwR9tAyZqhtyaMN991lF/ZfHfr5tzZQ8c7y7aBgZbjfbd0fjFwQ==
  dependencies:
    tweetnacl "1.x.x"

es5-ext@^0.10.35, es5-ext@^0.10.50:
  version "0.10.53"
  resolved "https://registry.yarnpkg.com/es5-ext/-/es5-ext-0.10.53.tgz#93c5a3acfdbef275220ad72644ad02ee18368de1"
  integrity sha512-Xs2Stw6NiNHWypzRTY1MtaG/uJlwCk8kH81920ma8mvN8Xq1gsfhZvpkImLQArw8AHnv8MT2I45J3c0R8slE+Q==
  dependencies:
    es6-iterator "~2.0.3"
    es6-symbol "~3.1.3"
    next-tick "~1.0.0"

es6-iterator@~2.0.3:
  version "2.0.3"
  resolved "https://registry.yarnpkg.com/es6-iterator/-/es6-iterator-2.0.3.tgz#a7de889141a05a94b0854403b2d0a0fbfa98f3b7"
  integrity sha1-p96IkUGgWpSwhUQDstCg+/qY87c=
  dependencies:
    d "1"
    es5-ext "^0.10.35"
    es6-symbol "^3.1.1"

es6-symbol@^3.1.1, es6-symbol@~3.1.3:
  version "3.1.3"
  resolved "https://registry.yarnpkg.com/es6-symbol/-/es6-symbol-3.1.3.tgz#bad5d3c1bcdac28269f4cb331e431c78ac705d18"
  integrity sha512-NJ6Yn3FuDinBaBRWl/q5X/s4koRHBrgKAu+yGI6JCBeiu3qrcbJhwT2GeR/EXVfylRk8dpQVJoLEFhK+Mu31NA==
  dependencies:
    d "^1.0.1"
    ext "^1.1.2"

eventemitter3@^4.0.7:
  version "4.0.7"
  resolved "https://registry.yarnpkg.com/eventemitter3/-/eventemitter3-4.0.7.tgz#2de9b68f6528d5644ef5c59526a1b4a07306169f"
  integrity sha512-8guHBZCwKnFhYdHr2ysuRWErTwhoN2X8XELRlrRwpmfeY2jjuUN4taQMsULKUVo1K4DvZl+0pgfyoysHxvmvEw==

ext@^1.1.2:
  version "1.6.0"
  resolved "https://registry.yarnpkg.com/ext/-/ext-1.6.0.tgz#3871d50641e874cc172e2b53f919842d19db4c52"
  integrity sha512-sdBImtzkq2HpkdRLtlLWDa6w4DX22ijZLKx8BMPUuKe1c5lbN6xwQDQCxSfxBQnHZ13ls/FH0MQZx/q/gr6FQg==
  dependencies:
    type "^2.5.0"

form-data@^3.0.0:
  version "3.0.1"
  resolved "https://registry.yarnpkg.com/form-data/-/form-data-3.0.1.tgz#ebd53791b78356a99af9a300d4282c4d5eb9755f"
  integrity sha512-RHkBKtLWUVwd7SqRIvCZMEvAMoGUp0XU+seQiZejj0COz3RI3hWP4sCv3gZWWLjJTd7rGwcsF5eKZGii0r/hbg==
  dependencies:
    asynckit "^0.4.0"
    combined-stream "^1.0.8"
    mime-types "^2.1.12"

indent-string@^4.0.0:
  version "4.0.0"
  resolved "https://registry.yarnpkg.com/indent-string/-/indent-string-4.0.0.tgz#624f8f4497d619b2d9768531d58f4122854d7251"
  integrity sha512-EdDDZu4A2OyIK7Lr/2zG+w5jmbuk1DVBnEwREQvBzspBJkCEbRa8GxU1lghYcaGJCnRWibjDXlq779X1/y5xwg==

ip-regex@^4.3.0:
  version "4.3.0"
  resolved "https://registry.yarnpkg.com/ip-regex/-/ip-regex-4.3.0.tgz#687275ab0f57fa76978ff8f4dddc8a23d5990db5"
  integrity sha512-B9ZWJxHHOHUhUjCPrMpLD4xEq35bUTClHM1S6CBU5ixQnkZmwipwgc96vAd7AAGM9TGHvJR+Uss+/Ak6UphK+Q==

is-typedarray@^1.0.0:
  version "1.0.0"
  resolved "https://registry.yarnpkg.com/is-typedarray/-/is-typedarray-1.0.0.tgz#e479c80858df0c1b11ddda6940f96011fcda4a9a"
  integrity sha1-5HnICFjfDBsR3dppQPlgEfzaSpo=

make-error@^1.1.1:
  version "1.3.6"
  resolved "https://registry.yarnpkg.com/make-error/-/make-error-1.3.6.tgz#2eb2e37ea9b67c4891f684a1394799af484cf7a2"
  integrity sha512-s8UhlNe7vPKomQhC1qFelMokr/Sc3AgNbso3n74mVPA5LTZwkB9NlXf4XPamLxJE8h0gh73rM94xvwRT2CVInw==

micro-base@^0.9.0:
  version "0.9.0"
  resolved "https://registry.yarnpkg.com/micro-base/-/micro-base-0.9.0.tgz#09cfe20285bec0ea97f41dc3d10e3fba3d0266ee"
  integrity sha512-4+tOMKidYT5nQ6/UNmYrGVO5PMcnJdfuR4NC8HK8s2H61B4itOhA9yrsjBdqGV7ecdtej36x3YSIfPLRmPrspg==

mime-db@1.51.0:
  version "1.51.0"
  resolved "https://registry.yarnpkg.com/mime-db/-/mime-db-1.51.0.tgz#d9ff62451859b18342d960850dc3cfb77e63fb0c"
  integrity sha512-5y8A56jg7XVQx2mbv1lu49NR4dokRnhZYTtL+KGfaa27uq4pSTXkwQkFJl4pkRMyNFz/EtYDSkiiEHx3F7UN6g==

mime-types@^2.1.12:
  version "2.1.34"
  resolved "https://registry.yarnpkg.com/mime-types/-/mime-types-2.1.34.tgz#5a712f9ec1503511a945803640fafe09d3793c24"
  integrity sha512-6cP692WwGIs9XXdOO4++N+7qjqv0rqxxVvJ3VHPh/Sc9mVZcQP+ZGhkKiTvWMQRr2tbHkJP/Yn7Y0npb3ZBs4A==
  dependencies:
    mime-db "1.51.0"

ms@2.0.0:
  version "2.0.0"
  resolved "https://registry.yarnpkg.com/ms/-/ms-2.0.0.tgz#5608aeadfc00be6c2901df5f9861788de0d597c8"
  integrity sha1-VgiurfwAvmwpAd9fmGF4jeDVl8g=

next-tick@~1.0.0:
  version "1.0.0"
  resolved "https://registry.yarnpkg.com/next-tick/-/next-tick-1.0.0.tgz#ca86d1fe8828169b0120208e3dc8424b9db8342c"
  integrity sha1-yobR/ogoFpsBICCOPchCS524NCw=

node-fetch@^2.6.6:
  version "2.6.6"
  resolved "https://registry.yarnpkg.com/node-fetch/-/node-fetch-2.6.6.tgz#1751a7c01834e8e1697758732e9efb6eeadfaf89"
  integrity sha512-Z8/6vRlTUChSdIgMa51jxQ4lrw/Jy5SOW10ObaA47/RElsAN2c5Pn8bTgFGWn/ibwzXTE8qwr1Yzx28vsecXEA==
  dependencies:
    whatwg-url "^5.0.0"

node-gyp-build@^4.3.0:
  version "4.3.0"
  resolved "https://registry.yarnpkg.com/node-gyp-build/-/node-gyp-build-4.3.0.tgz#9f256b03e5826150be39c764bf51e993946d71a3"
  integrity sha512-iWjXZvmboq0ja1pUGULQBexmxq8CV4xBhX7VDOTbL7ZR4FOowwY/VOtRxBN/yKxmdGoIp4j5ysNT4u3S2pDQ3Q==

p-map@^4:
  version "4.0.0"
  resolved "https://registry.yarnpkg.com/p-map/-/p-map-4.0.0.tgz#bb2f95a5eda2ec168ec9274e06a747c3e2904d2b"
  integrity sha512-/bjOqmgETBYB5BoEeGVea8dmvHb2m9GLy1E9W43yeyfP6QQCZGFNa+XRceJEuDB6zqr+gKpIAmlLebMpykw/MQ==
  dependencies:
    aggregate-error "^3.0.0"

prisma@^3.6.0:
  version "3.6.0"
  resolved "https://registry.yarnpkg.com/prisma/-/prisma-3.6.0.tgz#99532abc02e045e58c6133a19771bdeb28cecdbe"
  integrity sha512-6SqgHS/5Rq6HtHjsWsTxlj+ySamGyCLBUQfotc2lStOjPv52IQuDVpp58GieNqc9VnfuFyHUvTZw7aQB+G2fvQ==
  dependencies:
    "@prisma/engines" "3.6.0-24.dc520b92b1ebb2d28dc3161f9f82e875bd35d727"

regenerator-runtime@^0.13.4:
  version "0.13.9"
  resolved "https://registry.yarnpkg.com/regenerator-runtime/-/regenerator-runtime-0.13.9.tgz#8925742a98ffd90814988d7566ad30ca3b263b52"
  integrity sha512-p3VT+cOEgxFsRRA9X4lkI1E+k2/CtnKtU4gcxyaCUreilL/vqI6CdZ3wxVUx3UOUg+gnUOQQcRI7BmSI656MYA==

rxjs@^7.4.0:
  version "7.4.0"
  resolved "https://registry.yarnpkg.com/rxjs/-/rxjs-7.4.0.tgz#a12a44d7eebf016f5ff2441b87f28c9a51cebc68"
  integrity sha512-7SQDi7xeTMCJpqViXh8gL/lebcwlp3d831F05+9B44A4B0WfsEwUQHR64gsH1kvJ+Ep/J9K2+n1hVl1CsGN23w==
  dependencies:
    tslib "~2.1.0"

tr46@~0.0.3:
  version "0.0.3"
  resolved "https://registry.yarnpkg.com/tr46/-/tr46-0.0.3.tgz#8184fd347dac9cdc185992f3a6622e14b9d9ab6a"
  integrity sha1-gYT9NH2snNwYWZLzpmIuFLnZq2o=

ts-node@10.4.0:
  version "10.4.0"
  resolved "https://registry.yarnpkg.com/ts-node/-/ts-node-10.4.0.tgz#680f88945885f4e6cf450e7f0d6223dd404895f7"
  integrity sha512-g0FlPvvCXSIO1JDF6S232P5jPYqBkRL9qly81ZgAOSU7rwI0stphCgd2kLiCrU9DjQCrJMWEqcNSjQL02s6d8A==
  dependencies:
    "@cspotcode/source-map-support" "0.7.0"
    "@tsconfig/node10" "^1.0.7"
    "@tsconfig/node12" "^1.0.7"
    "@tsconfig/node14" "^1.0.0"
    "@tsconfig/node16" "^1.0.2"
    acorn "^8.4.1"
    acorn-walk "^8.1.1"
    arg "^4.1.0"
    create-require "^1.1.0"
    diff "^4.0.1"
    make-error "^1.1.1"
    yn "3.1.1"

tslib@~2.1.0:
  version "2.1.0"
  resolved "https://registry.yarnpkg.com/tslib/-/tslib-2.1.0.tgz#da60860f1c2ecaa5703ab7d39bc05b6bf988b97a"
  integrity sha512-hcVC3wYEziELGGmEEXue7D75zbwIIVUMWAVbHItGPx0ziyXxrOMQx4rQEVEV45Ut/1IotuEvwqPopzIOkDMf0A==

tweetnacl@1.x.x, tweetnacl@^1.0.3:
  version "1.0.3"
  resolved "https://registry.yarnpkg.com/tweetnacl/-/tweetnacl-1.0.3.tgz#ac0af71680458d8a6378d0d0d050ab1407d35596"
  integrity sha512-6rt+RN7aOi1nGMyC4Xa5DdYiukl2UWCbcJft7YhxReBGQD7OAM8Pbxw6YMo4r2diNEA8FEmu32YOn9rhaiE5yw==

type@^1.0.1:
  version "1.2.0"
  resolved "https://registry.yarnpkg.com/type/-/type-1.2.0.tgz#848dd7698dafa3e54a6c479e759c4bc3f18847a0"
  integrity sha512-+5nt5AAniqsCnu2cEQQdpzCAh33kVx8n0VoFidKpB1dVVLAN/F+bgVOqOJqOnEnrhp222clB5p3vUlD+1QAnfg==

type@^2.5.0:
  version "2.5.0"
  resolved "https://registry.yarnpkg.com/type/-/type-2.5.0.tgz#0a2e78c2e77907b252abe5f298c1b01c63f0db3d"
  integrity sha512-180WMDQaIMm3+7hGXWf12GtdniDEy7nYcyFMKJn/eZz/6tSLXrUN9V0wKSbMjej0I1WHWbpREDEKHtqPQa9NNw==

typedarray-to-buffer@^3.1.5:
  version "3.1.5"
  resolved "https://registry.yarnpkg.com/typedarray-to-buffer/-/typedarray-to-buffer-3.1.5.tgz#a97ee7a9ff42691b9f783ff1bc5112fe3fca9080"
  integrity sha512-zdu8XMNEDepKKR+XYOXAVPtWui0ly0NtohUscw+UmaHiAWT8hrV1rr//H6V+0DvJ3OQ19S979M0laLfX8rm82Q==
  dependencies:
    is-typedarray "^1.0.0"

typescript@4.5.2:
  version "4.5.2"
  resolved "https://registry.yarnpkg.com/typescript/-/typescript-4.5.2.tgz#8ac1fba9f52256fdb06fb89e4122fa6a346c2998"
  integrity sha512-5BlMof9H1yGt0P8/WF+wPNw6GfctgGjXp5hkblpyT+8rkASSmkUKMXrxR0Xg8ThVCi/JnHQiKXeBaEwCeQwMFw==

utf-8-validate@^5.0.2:
  version "5.0.7"
  resolved "https://registry.yarnpkg.com/utf-8-validate/-/utf-8-validate-5.0.7.tgz#c15a19a6af1f7ad9ec7ddc425747ca28c3644922"
  integrity sha512-vLt1O5Pp+flcArHGIyKEQq883nBt8nN8tVBcoL0qUXj2XT1n7p70yGIq2VK98I5FdZ1YHc0wk/koOnHjnXWk1Q==
  dependencies:
    node-gyp-build "^4.3.0"

webidl-conversions@^3.0.0:
  version "3.0.1"
  resolved "https://registry.yarnpkg.com/webidl-conversions/-/webidl-conversions-3.0.1.tgz#24534275e2a7bc6be7bc86611cc16ae0a5654871"
  integrity sha1-JFNCdeKnvGvnvIZhHMFq4KVlSHE=

websocket@^1.0.34:
  version "1.0.34"
  resolved "https://registry.yarnpkg.com/websocket/-/websocket-1.0.34.tgz#2bdc2602c08bf2c82253b730655c0ef7dcab3111"
  integrity sha512-PRDso2sGwF6kM75QykIesBijKSVceR6jL2G8NGYyq2XrItNC2P5/qL5XeR056GhA+Ly7JMFvJb9I312mJfmqnQ==
  dependencies:
    bufferutil "^4.0.1"
    debug "^2.2.0"
    es5-ext "^0.10.50"
    typedarray-to-buffer "^3.1.5"
    utf-8-validate "^5.0.2"
    yaeti "^0.0.6"

whatwg-url@^5.0.0:
  version "5.0.0"
  resolved "https://registry.yarnpkg.com/whatwg-url/-/whatwg-url-5.0.0.tgz#966454e8765462e37644d3626f6742ce8b70965d"
  integrity sha1-lmRU6HZUYuN2RNNib2dCzotwll0=
  dependencies:
    tr46 "~0.0.3"
    webidl-conversions "^3.0.0"

yaeti@^0.0.6:
  version "0.0.6"
  resolved "https://registry.yarnpkg.com/yaeti/-/yaeti-0.0.6.tgz#f26f484d72684cf42bedfb76970aa1608fbf9577"
  integrity sha1-8m9ITXJoTPQr7ft2lwqhYI+/lXc=

yn@3.1.1:
  version "3.1.1"
  resolved "https://registry.yarnpkg.com/yn/-/yn-3.1.1.tgz#1e87401a09d767c1d5eab26a6e4c185182d2eb50"
  integrity sha512-Ux4ygGWsu2c7isFWe8Yu1YluJmqVhxqK2cLXNQA5AcC3QfbGNpM7fu0Y8b/z16pXLnFxZYvWhd3fhBY9DLmC6Q==
